// !$*UTF8*$!
{
	archiveVersion = 1;
	classes = {
	};
	objectVersion = 46;
	objects = {

/* Begin PBXBuildFile section */
		E7600A181DF8FCE500C07003 /* LaunchScreen.storyboard in Resources */ = {isa = PBXBuildFile; fileRef = E7600A171DF8FCE500C07003 /* LaunchScreen.storyboard */; };
		E77680EF1DF8660100A4F9C6 /* NSObject+RouterMap.m in Sources */ = {isa = PBXBuildFile; fileRef = E77680EE1DF8660100A4F9C6 /* NSObject+RouterMap.m */; };
		E77680F51DF86A7E00A4F9C6 /* NSObject+Router.m in Sources */ = {isa = PBXBuildFile; fileRef = E77680F21DF86A7E00A4F9C6 /* NSObject+Router.m */; };
		E7A0AA5E1DF83EE800BE125D /* main.m in Sources */ = {isa = PBXBuildFile; fileRef = E7A0AA5D1DF83EE800BE125D /* main.m */; };
		E7A0AA611DF83EE800BE125D /* AppDelegate.m in Sources */ = {isa = PBXBuildFile; fileRef = E7A0AA601DF83EE800BE125D /* AppDelegate.m */; };
		E7A0AA641DF83EE800BE125D /* ViewController.m in Sources */ = {isa = PBXBuildFile; fileRef = E7A0AA631DF83EE800BE125D /* ViewController.m */; };
		E7A0AA691DF83EE800BE125D /* Assets.xcassets in Resources */ = {isa = PBXBuildFile; fileRef = E7A0AA681DF83EE800BE125D /* Assets.xcassets */; };
		E7A0AA7F1DF83F2100BE125D /* ViewController1.m in Sources */ = {isa = PBXBuildFile; fileRef = E7A0AA781DF83F2100BE125D /* ViewController1.m */; };
		E7A0AA801DF83F2100BE125D /* ViewController2.m in Sources */ = {isa = PBXBuildFile; fileRef = E7A0AA7A1DF83F2100BE125D /* ViewController2.m */; };
		E7A0AA811DF83F2100BE125D /* ViewController3.m in Sources */ = {isa = PBXBuildFile; fileRef = E7A0AA7C1DF83F2100BE125D /* ViewController3.m */; };
/* End PBXBuildFile section */

/* Begin PBXFileReference section */
		E7600A171DF8FCE500C07003 /* LaunchScreen.storyboard */ = {isa = PBXFileReference; fileEncoding = 4; lastKnownFileType = file.storyboard; path = LaunchScreen.storyboard; sourceTree = "<group>"; };
		E77680ED1DF8660100A4F9C6 /* NSObject+RouterMap.h */ = {isa = PBXFileReference; fileEncoding = 4; lastKnownFileType = sourcecode.c.h; path = "NSObject+RouterMap.h"; sourceTree = "<group>"; };
		E77680EE1DF8660100A4F9C6 /* NSObject+RouterMap.m */ = {isa = PBXFileReference; fileEncoding = 4; lastKnownFileType = sourcecode.c.objc; path = "NSObject+RouterMap.m"; sourceTree = "<group>"; };
		E77680F11DF86A7E00A4F9C6 /* NSObject+Router.h */ = {isa = PBXFileReference; fileEncoding = 4; lastKnownFileType = sourcecode.c.h; path = "NSObject+Router.h"; sourceTree = "<group>"; };
		E77680F21DF86A7E00A4F9C6 /* NSObject+Router.m */ = {isa = PBXFileReference; fileEncoding = 4; lastKnownFileType = sourcecode.c.objc; path = "NSObject+Router.m"; sourceTree = "<group>"; };
		E7A0AA591DF83EE800BE125D /* GLRouter.app */ = {isa = PBXFileReference; explicitFileType = wrapper.application; includeInIndex = 0; path = GLRouter.app; sourceTree = BUILT_PRODUCTS_DIR; };
		E7A0AA5D1DF83EE800BE125D /* main.m */ = {isa = PBXFileReference; lastKnownFileType = sourcecode.c.objc; path = main.m; sourceTree = "<group>"; };
		E7A0AA5F1DF83EE800BE125D /* AppDelegate.h */ = {isa = PBXFileReference; lastKnownFileType = sourcecode.c.h; path = AppDelegate.h; sourceTree = "<group>"; };
		E7A0AA601DF83EE800BE125D /* AppDelegate.m */ = {isa = PBXFileReference; lastKnownFileType = sourcecode.c.objc; path = AppDelegate.m; sourceTree = "<group>"; };
		E7A0AA621DF83EE800BE125D /* ViewController.h */ = {isa = PBXFileReference; lastKnownFileType = sourcecode.c.h; path = ViewController.h; sourceTree = "<group>"; };
		E7A0AA631DF83EE800BE125D /* ViewController.m */ = {isa = PBXFileReference; lastKnownFileType = sourcecode.c.objc; path = ViewController.m; sourceTree = "<group>"; };
		E7A0AA681DF83EE800BE125D /* Assets.xcassets */ = {isa = PBXFileReference; lastKnownFileType = folder.assetcatalog; path = Assets.xcassets; sourceTree = "<group>"; };
		E7A0AA6D1DF83EE800BE125D /* Info.plist */ = {isa = PBXFileReference; lastKnownFileType = text.plist.xml; path = Info.plist; sourceTree = "<group>"; };
		E7A0AA771DF83F2100BE125D /* ViewController1.h */ = {isa = PBXFileReference; fileEncoding = 4; lastKnownFileType = sourcecode.c.h; path = ViewController1.h; sourceTree = "<group>"; };
		E7A0AA781DF83F2100BE125D /* ViewController1.m */ = {isa = PBXFileReference; fileEncoding = 4; lastKnownFileType = sourcecode.c.objc; path = ViewController1.m; sourceTree = "<group>"; };
		E7A0AA791DF83F2100BE125D /* ViewController2.h */ = {isa = PBXFileReference; fileEncoding = 4; lastKnownFileType = sourcecode.c.h; path = ViewController2.h; sourceTree = "<group>"; };
		E7A0AA7A1DF83F2100BE125D /* ViewController2.m */ = {isa = PBXFileReference; fileEncoding = 4; lastKnownFileType = sourcecode.c.objc; path = ViewController2.m; sourceTree = "<group>"; };
		E7A0AA7B1DF83F2100BE125D /* ViewController3.h */ = {isa = PBXFileReference; fileEncoding = 4; lastKnownFileType = sourcecode.c.h; path = ViewController3.h; sourceTree = "<group>"; };
		E7A0AA7C1DF83F2100BE125D /* ViewController3.m */ = {isa = PBXFileReference; fileEncoding = 4; lastKnownFileType = sourcecode.c.objc; path = ViewController3.m; sourceTree = "<group>"; };
/* End PBXFileReference section */

/* Begin PBXFrameworksBuildPhase section */
		E7A0AA561DF83EE800BE125D /* Frameworks */ = {
			isa = PBXFrameworksBuildPhase;
			buildActionMask = 2147483647;
			files = (
			);
			runOnlyForDeploymentPostprocessing = 0;
		};
/* End PBXFrameworksBuildPhase section */

/* Begin PBXGroup section */
		E77680F01DF86A7E00A4F9C6 /* Router */ = {
			isa = PBXGroup;
			children = (
				E77680F11DF86A7E00A4F9C6 /* NSObject+Router.h */,
				E77680F21DF86A7E00A4F9C6 /* NSObject+Router.m */,
			);
			path = Router;
			sourceTree = "<group>";
		};
		E7A0AA501DF83EE800BE125D = {
			isa = PBXGroup;
			children = (
				E7A0AA5B1DF83EE800BE125D /* GLRouter */,
				E7A0AA5A1DF83EE800BE125D /* Products */,
			);
			sourceTree = "<group>";
		};
		E7A0AA5A1DF83EE800BE125D /* Products */ = {
			isa = PBXGroup;
			children = (
				E7A0AA591DF83EE800BE125D /* GLRouter.app */,
			);
			name = Products;
			sourceTree = "<group>";
		};
		E7A0AA5B1DF83EE800BE125D /* GLRouter */ = {
			isa = PBXGroup;
			children = (
				E77680F01DF86A7E00A4F9C6 /* Router */,
				E7A0AA5F1DF83EE800BE125D /* AppDelegate.h */,
				E7A0AA601DF83EE800BE125D /* AppDelegate.m */,
				E7A0AA621DF83EE800BE125D /* ViewController.h */,
				E7A0AA631DF83EE800BE125D /* ViewController.m */,
				E7A0AA771DF83F2100BE125D /* ViewController1.h */,
				E7A0AA781DF83F2100BE125D /* ViewController1.m */,
				E7A0AA791DF83F2100BE125D /* ViewController2.h */,
				E7A0AA7A1DF83F2100BE125D /* ViewController2.m */,
				E7A0AA7B1DF83F2100BE125D /* ViewController3.h */,
				E7A0AA7C1DF83F2100BE125D /* ViewController3.m */,
				E77680ED1DF8660100A4F9C6 /* NSObject+RouterMap.h */,
				E77680EE1DF8660100A4F9C6 /* NSObject+RouterMap.m */,
				E7600A171DF8FCE500C07003 /* LaunchScreen.storyboard */,
				E7A0AA681DF83EE800BE125D /* Assets.xcassets */,
				E7A0AA6D1DF83EE800BE125D /* Info.plist */,
				E7A0AA5C1DF83EE800BE125D /* Supporting Files */,
			);
			path = GLRouter;
			sourceTree = "<group>";
		};
		E7A0AA5C1DF83EE800BE125D /* Supporting Files */ = {
			isa = PBXGroup;
			children = (
				E7A0AA5D1DF83EE800BE125D /* main.m */,
			);
			name = "Supporting Files";
			sourceTree = "<group>";
		};
/* End PBXGroup section */

/* Begin PBXNativeTarget section */
		E7A0AA581DF83EE800BE125D /* GLRouter */ = {
			isa = PBXNativeTarget;
			buildConfigurationList = E7A0AA701DF83EE800BE125D /* Build configuration list for PBXNativeTarget "GLRouter" */;
			buildPhases = (
				E7A0AA551DF83EE800BE125D /* Sources */,
				E7A0AA561DF83EE800BE125D /* Frameworks */,
				E7A0AA571DF83EE800BE125D /* Resources */,
			);
			buildRules = (
			);
			dependencies = (
			);
			name = GLRouter;
			productName = GLRouter;
			productReference = E7A0AA591DF83EE800BE125D /* GLRouter.app */;
			productType = "com.apple.product-type.application";
		};
/* End PBXNativeTarget section */

/* Begin PBXProject section */
		E7A0AA511DF83EE800BE125D /* Project object */ = {
			isa = PBXProject;
			attributes = {
				LastUpgradeCheck = 0810;
				ORGANIZATIONNAME = bjhl;
				TargetAttributes = {
					E7A0AA581DF83EE800BE125D = {
						CreatedOnToolsVersion = 8.1;
						ProvisioningStyle = Automatic;
					};
				};
			};
			buildConfigurationList = E7A0AA541DF83EE800BE125D /* Build configuration list for PBXProject "GLRouter" */;
			compatibilityVersion = "Xcode 3.2";
			developmentRegion = English;
			hasScannedForEncodings = 0;
			knownRegions = (
				en,
				Base,
			);
			mainGroup = E7A0AA501DF83EE800BE125D;
			productRefGroup = E7A0AA5A1DF83EE800BE125D /* Products */;
			projectDirPath = "";
			projectRoot = "";
			targets = (
				E7A0AA581DF83EE800BE125D /* GLRouter */,
			);
		};
/* End PBXProject section */

/* Begin PBXResourcesBuildPhase section */
		E7A0AA571DF83EE800BE125D /* Resources */ = {
			isa = PBXResourcesBuildPhase;
			buildActionMask = 2147483647;
			files = (
				E7A0AA691DF83EE800BE125D /* Assets.xcassets in Resources */,
				E7600A181DF8FCE500C07003 /* LaunchScreen.storyboard in Resources */,
			);
			runOnlyForDeploymentPostprocessing = 0;
		};
/* End PBXResourcesBuildPhase section */

/* Begin PBXSourcesBuildPhase section */
		E7A0AA551DF83EE800BE125D /* Sources */ = {
			isa = PBXSourcesBuildPhase;
			buildActionMask = 2147483647;
			files = (
				E77680F51DF86A7E00A4F9C6 /* NSObject+Router.m in Sources */,
				E7A0AA801DF83F2100BE125D /* ViewController2.m in Sources */,
				E77680EF1DF8660100A4F9C6 /* NSObject+RouterMap.m in Sources */,
				E7A0AA641DF83EE800BE125D /* ViewController.m in Sources */,
				E7A0AA7F1DF83F2100BE125D /* ViewController1.m in Sources */,
				E7A0AA611DF83EE800BE125D /* AppDelegate.m in Sources */,
				E7A0AA811DF83F2100BE125D /* ViewController3.m in Sources */,
				E7A0AA5E1DF83EE800BE125D /* main.m in Sources */,
			);
			runOnlyForDeploymentPostprocessing = 0;
		};
/* End PBXSourcesBuildPhase section */

/* Begin XCBuildConfiguration section */
		E7A0AA6E1DF83EE800BE125D /* Debug */ = {
			isa = XCBuildConfiguration;
			buildSettings = {
				ALWAYS_SEARCH_USER_PATHS = NO;
				CLANG_ANALYZER_NONNULL = YES;
				CLANG_CXX_LANGUAGE_STANDARD = "gnu++0x";
				CLANG_CXX_LIBRARY = "libc++";
				CLANG_ENABLE_MODULES = YES;
				CLANG_ENABLE_OBJC_ARC = YES;
				CLANG_WARN_BOOL_CONVERSION = YES;
				CLANG_WARN_CONSTANT_CONVERSION = YES;
				CLANG_WARN_DIRECT_OBJC_ISA_USAGE = YES_ERROR;
				CLANG_WARN_DOCUMENTATION_COMMENTS = YES;
				CLANG_WARN_EMPTY_BODY = YES;
				CLANG_WARN_ENUM_CONVERSION = YES;
				CLANG_WARN_INFINITE_RECURSION = YES;
				CLANG_WARN_INT_CONVERSION = YES;
				CLANG_WARN_OBJC_ROOT_CLASS = YES_ERROR;
				CLANG_WARN_SUSPICIOUS_MOVES = YES;
				CLANG_WARN_UNREACHABLE_CODE = YES;
				CLANG_WARN__DUPLICATE_METHOD_MATCH = YES;
				"CODE_SIGN_IDENTITY[sdk=iphoneos*]" = "iPhone Developer";
				COPY_PHASE_STRIP = NO;
				DEBUG_INFORMATION_FORMAT = dwarf;
				ENABLE_STRICT_OBJC_MSGSEND = YES;
				ENABLE_TESTABILITY = YES;
				GCC_C_LANGUAGE_STANDARD = gnu99;
				GCC_DYNAMIC_NO_PIC = NO;
				GCC_NO_COMMON_BLOCKS = YES;
				GCC_OPTIMIZATION_LEVEL = 0;
				GCC_PREPROCESSOR_DEFINITIONS = (
					"DEBUG=1",
					"$(inherited)",
				);
				GCC_WARN_64_TO_32_BIT_CONVERSION = YES;
				GCC_WARN_ABOUT_RETURN_TYPE = YES_ERROR;
				GCC_WARN_UNDECLARED_SELECTOR = YES;
				GCC_WARN_UNINITIALIZED_AUTOS = YES_AGGRESSIVE;
				GCC_WARN_UNUSED_FUNCTION = YES;
				GCC_WARN_UNUSED_VARIABLE = YES;
				IPHONEOS_DEPLOYMENT_TARGET = 10.1;
				MTL_ENABLE_DEBUG_INFO = YES;
				ONLY_ACTIVE_ARCH = YES;
				SDKROOT = iphoneos;
			};
			name = Debug;
		};
		E7A0AA6F1DF83EE800BE125D /* Release */ = {
			isa = XCBuildConfiguration;
			buildSettings = {
				ALWAYS_SEARCH_USER_PATHS = NO;
				CLANG_ANALYZER_NONNULL = YES;
				CLANG_CXX_LANGUAGE_STANDARD = "gnu++0x";
				CLANG_CXX_LIBRARY = "libc++";
				CLANG_ENABLE_MODULES = YES;
				CLANG_ENABLE_OBJC_ARC = YES;
				CLANG_WARN_BOOL_CONVERSION = YES;
				CLANG_WARN_CONSTANT_CONVERSION = YES;
				CLANG_WARN_DIRECT_OBJC_ISA_USAGE = YES_ERROR;
				CLANG_WARN_DOCUMENTATION_COMMENTS = YES;
				CLANG_WARN_EMPTY_BODY = YES;
				CLANG_WARN_ENUM_CONVERSION = YES;
				CLANG_WARN_INFINITE_RECURSION = YES;
				CLANG_WARN_INT_CONVERSION = YES;
				CLANG_WARN_OBJC_ROOT_CLASS = YES_ERROR;
				CLANG_WARN_SUSPICIOUS_MOVES = YES;
				CLANG_WARN_UNREACHABLE_CODE = YES;
				CLANG_WARN__DUPLICATE_METHOD_MATCH = YES;
				"CODE_SIGN_IDENTITY[sdk=iphoneos*]" = "iPhone Developer";
				COPY_PHASE_STRIP = NO;
				DEBUG_INFORMATION_FORMAT = "dwarf-with-dsym";
				ENABLE_NS_ASSERTIONS = NO;
				ENABLE_STRICT_OBJC_MSGSEND = YES;
				GCC_C_LANGUAGE_STANDARD = gnu99;
				GCC_NO_COMMON_BLOCKS = YES;
				GCC_WARN_64_TO_32_BIT_CONVERSION = YES;
				GCC_WARN_ABOUT_RETURN_TYPE = YES_ERROR;
				GCC_WARN_UNDECLARED_SELECTOR = YES;
				GCC_WARN_UNINITIALIZED_AUTOS = YES_AGGRESSIVE;
				GCC_WARN_UNUSED_FUNCTION = YES;
				GCC_WARN_UNUSED_VARIABLE = YES;
				IPHONEOS_DEPLOYMENT_TARGET = 10.1;
				MTL_ENABLE_DEBUG_INFO = NO;
				SDKROOT = iphoneos;
				VALIDATE_PRODUCT = YES;
			};
			name = Release;
		};
		E7A0AA711DF83EE800BE125D /* Debug */ = {
			isa = XCBuildConfiguration;
			buildSettings = {
				ASSETCATALOG_COMPILER_APPICON_NAME = AppIcon;
				INFOPLIST_FILE = GLRouter/Info.plist;
				IPHONEOS_DEPLOYMENT_TARGET = 7.0;
				LD_RUNPATH_SEARCH_PATHS = "$(inherited) @executable_path/Frameworks";
				PRODUCT_BUNDLE_IDENTIFIER = com.bjhl.GLRouter;
				PRODUCT_NAME = "$(TARGET_NAME)";
			};
			name = Debug;
		};
		E7A0AA721DF83EE800BE125D /* Release */ = {
			isa = XCBuildConfiguration;
			buildSettings = {
				ASSETCATALOG_COMPILER_APPICON_NAME = AppIcon;
				INFOPLIST_FILE = GLRouter/Info.plist;
				IPHONEOS_DEPLOYMENT_TARGET = 7.0;
				LD_RUNPATH_SEARCH_PATHS = "$(inherited) @executable_path/Frameworks";
				PRODUCT_BUNDLE_IDENTIFIER = com.bjhl.GLRouter;
				PRODUCT_NAME = "$(TARGET_NAME)";
			};
			name = Release;
		};
/* End XCBuildConfiguration section */

/* Begin XCConfigurationList section */
		E7A0AA541DF83EE800BE125D /* Build configuration list for PBXProject "GLRouter" */ = {
			isa = XCConfigurationList;
			buildConfigurations = (
				E7A0AA6E1DF83EE800BE125D /* Debug */,
				E7A0AA6F1DF83EE800BE125D /* Release */,
			);
			defaultConfigurationIsVisible = 0;
			defaultConfigurationName = Release;
		};
		E7A0AA701DF83EE800BE125D /* Build configuration list for PBXNativeTarget "GLRouter" */ = {
			isa = XCConfigurationList;
			buildConfigurations = (
				E7A0AA711DF83EE800BE125D /* Debug */,
				E7A0AA721DF83EE800BE125D /* Release */,
			);
			defaultConfigurationIsVisible = 0;
			defaultConfigurationName = Release;
		};
/* End XCConfigurationList section */
	};
	rootObject = E7A0AA511DF83EE800BE125D /* Project object */;
}
